
Microsoft Visual Studio Solution File, Format Version 12.00
# Visual Studio 14
VisualStudioVersion = 14.0.24720.0
MinimumVisualStudioVersion = 10.0.40219.1
Project("{FAE04EC0-301F-11D3-BF4B-00C04F79EFBC}") = "ls", "ls\ls.csproj", "{FFDC893F-D807-47B9-A546-711651552BD5}"
EndProject
Project("{FAE04EC0-301F-11D3-BF4B-00C04F79EFBC}") = "ls.Tests", "ls.Tests\ls.Tests.csproj", "{550C6F34-0B43-40BE-B279-466DD4C5BEFF}"
EndProject
Project("{FAE04EC0-301F-11D3-BF4B-00C04F79EFBC}") = "bt", "bt\bt.csproj", "{4C59E151-4C1A-42A0-8C61-4CC32046BB38}"
EndProject
Project("{FAE04EC0-301F-11D3-BF4B-00C04F79EFBC}") = "bt.Tests", "bt.Tests\bt.Tests.csproj", "{EBECC847-7642-42F0-A93A-FEB5958842EC}"
EndProject
Project("{FAE04EC0-301F-11D3-BF4B-00C04F79EFBC}") = "algo", "algo\algo.csproj", "{D88892F2-5B1E-4A07-AABA-500D266D9825}"
EndProject
Project("{FAE04EC0-301F-11D3-BF4B-00C04F79EFBC}") = "algo.Tests", "algo.Tests\algo.Tests.csproj", "{B41BD038-4F24-4F88-A07B-B6AD6EA096B0}"
EndProject
Global
	GlobalSection(SolutionConfigurationPlatforms) = preSolution
		Debug|Any CPU = Debug|Any CPU
		Release|Any CPU = Release|Any CPU
	EndGlobalSection
	GlobalSection(ProjectConfigurationPlatforms) = postSolution
		{FFDC893F-D807-47B9-A546-711651552BD5}.Debug|Any CPU.ActiveCfg = Debug|Any CPU
		{FFDC893F-D807-47B9-A546-711651552BD5}.Debug|Any CPU.Build.0 = Debug|Any CPU
		{FFDC893F-D807-47B9-A546-711651552BD5}.Release|Any CPU.ActiveCfg = Release|Any CPU
		{FFDC893F-D807-47B9-A546-711651552BD5}.Release|Any CPU.Build.0 = Release|Any CPU
		{550C6F34-0B43-40BE-B279-466DD4C5BEFF}.Debug|Any CPU.ActiveCfg = Debug|Any CPU
		{550C6F34-0B43-40BE-B279-466DD4C5BEFF}.Debug|Any CPU.Build.0 = Debug|Any CPU
		{550C6F34-0B43-40BE-B279-466DD4C5BEFF}.Release|Any CPU.ActiveCfg = Release|Any CPU
		{550C6F34-0B43-40BE-B279-466DD4C5BEFF}.Release|Any CPU.Build.0 = Release|Any CPU
		{4C59E151-4C1A-42A0-8C61-4CC32046BB38}.Debug|Any CPU.ActiveCfg = Debug|Any CPU
		{4C59E151-4C1A-42A0-8C61-4CC32046BB38}.Debug|Any CPU.Build.0 = Debug|Any CPU
		{4C59E151-4C1A-42A0-8C61-4CC32046BB38}.Release|Any CPU.ActiveCfg = Release|Any CPU
		{4C59E151-4C1A-42A0-8C61-4CC32046BB38}.Release|Any CPU.Build.0 = Release|Any CPU
		{EBECC847-7642-42F0-A93A-FEB5958842EC}.Debug|Any CPU.ActiveCfg = Debug|Any CPU
		{EBECC847-7642-42F0-A93A-FEB5958842EC}.Debug|Any CPU.Build.0 = Debug|Any CPU
		{EBECC847-7642-42F0-A93A-FEB5958842EC}.Release|Any CPU.ActiveCfg = Release|Any CPU
		{EBECC847-7642-42F0-A93A-FEB5958842EC}.Release|Any CPU.Build.0 = Release|Any CPU
		{D88892F2-5B1E-4A07-AABA-500D266D9825}.Debug|Any CPU.ActiveCfg = Debug|Any CPU
		{D88892F2-5B1E-4A07-AABA-500D266D9825}.Debug|Any CPU.Build.0 = Debug|Any CPU
		{D88892F2-5B1E-4A07-AABA-500D266D9825}.Release|Any CPU.ActiveCfg = Release|Any CPU
		{D88892F2-5B1E-4A07-AABA-500D266D9825}.Release|Any CPU.Build.0 = Release|Any CPU
		{B41BD038-4F24-4F88-A07B-B6AD6EA096B0}.Debug|Any CPU.ActiveCfg = Debug|Any CPU
		{B41BD038-4F24-4F88-A07B-B6AD6EA096B0}.Debug|Any CPU.Build.0 = Debug|Any CPU
		{B41BD038-4F24-4F88-A07B-B6AD6EA096B0}.Release|Any CPU.ActiveCfg = Release|Any CPU
		{B41BD038-4F24-4F88-A07B-B6AD6EA096B0}.Release|Any CPU.Build.0 = Release|Any CPU
	EndGlobalSection
	GlobalSection(SolutionProperties) = preSolution
		HideSolutionNode = FALSE
	EndGlobalSection
EndGlobal
